# This file was autogenerated by Stack.
# You should not edit this file by hand.
# For more information, please see the documentation at:
#   https://docs.haskellstack.org/en/stable/lock_files

packages: []
snapshots:
- completed:
    size: 596137
    url: https://raw.githubusercontent.com/commercialhaskell/stackage-snapshots/master/nightly/2021/11/12.yaml
    sha256: 63775493e713d07b0b0304d62a931f7887c26fa8d39ec0de570220971c68d01b
  original: nightly-2021-11-12
